// !$*UTF8*$!
{
	archiveVersion = 1;
	classes = {
	};
	objectVersion = 48;
	objects = {

/* Begin PBXBuildFile section */
		0E39601C20C8B16100D48962 /* ProductLinkViewController.swift in Sources */ = {isa = PBXBuildFile; fileRef = 0E39601B20C8B16100D48962 /* ProductLinkViewController.swift */; };
		0EA1E03E20C0D898007967F2 /* API.swift in Sources */ = {isa = PBXBuildFile; fileRef = 0EA1E03D20C0D898007967F2 /* API.swift */; };
		0EA5E95C20C0B0FB00D49D0A /* AppDelegate.swift in Sources */ = {isa = PBXBuildFile; fileRef = 0EA5E95B20C0B0FB00D49D0A /* AppDelegate.swift */; };
		0EA5E95E20C0B0FB00D49D0A /* ImageViewController.swift in Sources */ = {isa = PBXBuildFile; fileRef = 0EA5E95D20C0B0FB00D49D0A /* ImageViewController.swift */; };
		0EA5E96120C0B0FB00D49D0A /* Main.storyboard in Resources */ = {isa = PBXBuildFile; fileRef = 0EA5E95F20C0B0FB00D49D0A /* Main.storyboard */; };
		0EA5E96320C0B0FB00D49D0A /* Assets.xcassets in Resources */ = {isa = PBXBuildFile; fileRef = 0EA5E96220C0B0FB00D49D0A /* Assets.xcassets */; };
		0EA5E96620C0B0FB00D49D0A /* LaunchScreen.storyboard in Resources */ = {isa = PBXBuildFile; fileRef = 0EA5E96420C0B0FB00D49D0A /* LaunchScreen.storyboard */; };
		0EA5E97A20C0BBF800D49D0A /* Inceptionv3.mlmodel in Sources */ = {isa = PBXBuildFile; fileRef = 0EA5E97920C0BBF800D49D0A /* Inceptionv3.mlmodel */; };
		0EA5E98620C0D04700D49D0A /* UIImage+resizeImage.swift in Sources */ = {isa = PBXBuildFile; fileRef = 0EA5E98520C0D04700D49D0A /* UIImage+resizeImage.swift */; };
		88FD7468A6907B2AA6DA8E8B /* Pods_HotdogOrNot.framework in Frameworks */ = {isa = PBXBuildFile; fileRef = 031566D767BC7F84580C807C /* Pods_HotdogOrNot.framework */; };
		DE08065B20D33ECF004F8434 /* ViewController.swift in Sources */ = {isa = PBXBuildFile; fileRef = DE08065A20D33ECF004F8434 /* ViewController.swift */; };
		DE0EFD2D20C9D99900985B3E /* PastSearch.swift in Sources */ = {isa = PBXBuildFile; fileRef = DE0EFD2C20C9D99900985B3E /* PastSearch.swift */; };
		DE153AB720D1F1C600910A86 /* CameraViewController.swift in Sources */ = {isa = PBXBuildFile; fileRef = DE153AB620D1F1C600910A86 /* CameraViewController.swift */; };
		DE40089A20C1E8A600531E29 /* ProductTableViewCell.swift in Sources */ = {isa = PBXBuildFile; fileRef = DE40089820C1E8A600531E29 /* ProductTableViewCell.swift */; };
		DE40089B20C1E8A600531E29 /* ProductTableViewCell.xib in Resources */ = {isa = PBXBuildFile; fileRef = DE40089920C1E8A600531E29 /* ProductTableViewCell.xib */; };
		DE40089D20C1F07600531E29 /* ProductTableViewController.swift in Sources */ = {isa = PBXBuildFile; fileRef = DE40089C20C1F07600531E29 /* ProductTableViewController.swift */; };
		DE99A13C20C1BC30008F51EC /* Product.swift in Sources */ = {isa = PBXBuildFile; fileRef = DE99A13B20C1BC2F008F51EC /* Product.swift */; };
		DEB50DCE20CC6ED2008B349D /* RealmManager.swift in Sources */ = {isa = PBXBuildFile; fileRef = DEB50DCD20CC6ED2008B349D /* RealmManager.swift */; };
		DEB50DD320CC7136008B349D /* PastSearchCollectionViewCell.swift in Sources */ = {isa = PBXBuildFile; fileRef = DEB50DD120CC7136008B349D /* PastSearchCollectionViewCell.swift */; };
		DEB50DD620CC7E0F008B349D /* PastSearchCollectionViewCell.xib in Resources */ = {isa = PBXBuildFile; fileRef = DEB50DD520CC7E0F008B349D /* PastSearchCollectionViewCell.xib */; };
		DEDC98C820E5B4C300D048E7 /* ImageConverter.m in Sources */ = {isa = PBXBuildFile; fileRef = DEDC98C620E5B4C200D048E7 /* ImageConverter.m */; };
/* End PBXBuildFile section */

/* Begin PBXFileReference section */
		031566D767BC7F84580C807C /* Pods_HotdogOrNot.framework */ = {isa = PBXFileReference; explicitFileType = wrapper.framework; includeInIndex = 0; path = Pods_HotdogOrNot.framework; sourceTree = BUILT_PRODUCTS_DIR; };
		0E39601B20C8B16100D48962 /* ProductLinkViewController.swift */ = {isa = PBXFileReference; lastKnownFileType = sourcecode.swift; path = ProductLinkViewController.swift; sourceTree = "<group>"; };
		0E39602120C8BCBB00D48962 /* HotdogOrNot-Bridging-Header.h */ = {isa = PBXFileReference; lastKnownFileType = sourcecode.c.h; path = "HotdogOrNot-Bridging-Header.h"; sourceTree = "<group>"; };
		0EA1E03D20C0D898007967F2 /* API.swift */ = {isa = PBXFileReference; lastKnownFileType = sourcecode.swift; path = API.swift; sourceTree = "<group>"; };
		0EA5E95820C0B0FB00D49D0A /* HotdogOrNot.app */ = {isa = PBXFileReference; explicitFileType = wrapper.application; includeInIndex = 0; path = HotdogOrNot.app; sourceTree = BUILT_PRODUCTS_DIR; };
		0EA5E95B20C0B0FB00D49D0A /* AppDelegate.swift */ = {isa = PBXFileReference; lastKnownFileType = sourcecode.swift; path = AppDelegate.swift; sourceTree = "<group>"; };
		0EA5E95D20C0B0FB00D49D0A /* ImageViewController.swift */ = {isa = PBXFileReference; lastKnownFileType = sourcecode.swift; path = ImageViewController.swift; sourceTree = "<group>"; };
		0EA5E96020C0B0FB00D49D0A /* Base */ = {isa = PBXFileReference; lastKnownFileType = file.storyboard; name = Base; path = Base.lproj/Main.storyboard; sourceTree = "<group>"; };
		0EA5E96220C0B0FB00D49D0A /* Assets.xcassets */ = {isa = PBXFileReference; lastKnownFileType = folder.assetcatalog; path = Assets.xcassets; sourceTree = "<group>"; };
		0EA5E96520C0B0FB00D49D0A /* Base */ = {isa = PBXFileReference; lastKnownFileType = file.storyboard; name = Base; path = Base.lproj/LaunchScreen.storyboard; sourceTree = "<group>"; };
		0EA5E96720C0B0FB00D49D0A /* Info.plist */ = {isa = PBXFileReference; lastKnownFileType = text.plist.xml; path = Info.plist; sourceTree = "<group>"; };
		0EA5E97920C0BBF800D49D0A /* Inceptionv3.mlmodel */ = {isa = PBXFileReference; lastKnownFileType = file.mlmodel; path = Inceptionv3.mlmodel; sourceTree = "<group>"; };
		0EA5E98520C0D04700D49D0A /* UIImage+resizeImage.swift */ = {isa = PBXFileReference; fileEncoding = 4; lastKnownFileType = sourcecode.swift; path = "UIImage+resizeImage.swift"; sourceTree = "<group>"; };
		1DDB73828A0D68B5A81276CD /* Pods-HotdogOrNot.release.xcconfig */ = {isa = PBXFileReference; includeInIndex = 1; lastKnownFileType = text.xcconfig; name = "Pods-HotdogOrNot.release.xcconfig"; path = "Pods/Target Support Files/Pods-HotdogOrNot/Pods-HotdogOrNot.release.xcconfig"; sourceTree = "<group>"; };
		44E4CA26937A423BBC97C5EB /* Pods-HotdogOrNot.debug.xcconfig */ = {isa = PBXFileReference; includeInIndex = 1; lastKnownFileType = text.xcconfig; name = "Pods-HotdogOrNot.debug.xcconfig"; path = "Pods/Target Support Files/Pods-HotdogOrNot/Pods-HotdogOrNot.debug.xcconfig"; sourceTree = "<group>"; };
		DE08065A20D33ECF004F8434 /* ViewController.swift */ = {isa = PBXFileReference; lastKnownFileType = sourcecode.swift; path = ViewController.swift; sourceTree = "<group>"; };
		DE0EFD2C20C9D99900985B3E /* PastSearch.swift */ = {isa = PBXFileReference; lastKnownFileType = sourcecode.swift; path = PastSearch.swift; sourceTree = "<group>"; };
		DE153AB620D1F1C600910A86 /* CameraViewController.swift */ = {isa = PBXFileReference; lastKnownFileType = sourcecode.swift; path = CameraViewController.swift; sourceTree = "<group>"; };
		DE40089820C1E8A600531E29 /* ProductTableViewCell.swift */ = {isa = PBXFileReference; lastKnownFileType = sourcecode.swift; path = ProductTableViewCell.swift; sourceTree = "<group>"; };
		DE40089920C1E8A600531E29 /* ProductTableViewCell.xib */ = {isa = PBXFileReference; lastKnownFileType = file.xib; path = ProductTableViewCell.xib; sourceTree = "<group>"; };
		DE40089C20C1F07600531E29 /* ProductTableViewController.swift */ = {isa = PBXFileReference; lastKnownFileType = sourcecode.swift; path = ProductTableViewController.swift; sourceTree = "<group>"; };
		DE99A13B20C1BC2F008F51EC /* Product.swift */ = {isa = PBXFileReference; lastKnownFileType = sourcecode.swift; path = Product.swift; sourceTree = "<group>"; };
		DEB50DCD20CC6ED2008B349D /* RealmManager.swift */ = {isa = PBXFileReference; lastKnownFileType = sourcecode.swift; path = RealmManager.swift; sourceTree = "<group>"; };
		DEB50DD120CC7136008B349D /* PastSearchCollectionViewCell.swift */ = {isa = PBXFileReference; lastKnownFileType = sourcecode.swift; path = PastSearchCollectionViewCell.swift; sourceTree = "<group>"; };
		DEB50DD520CC7E0F008B349D /* PastSearchCollectionViewCell.xib */ = {isa = PBXFileReference; lastKnownFileType = file.xib; path = PastSearchCollectionViewCell.xib; sourceTree = "<group>"; };
		DEDC98C620E5B4C200D048E7 /* ImageConverter.m */ = {isa = PBXFileReference; fileEncoding = 4; lastKnownFileType = sourcecode.c.objc; path = ImageConverter.m; sourceTree = "<group>"; };
		DEDC98C720E5B4C200D048E7 /* ImageConverter.h */ = {isa = PBXFileReference; fileEncoding = 4; lastKnownFileType = sourcecode.c.h; path = ImageConverter.h; sourceTree = "<group>"; };
/* End PBXFileReference section */

/* Begin PBXFrameworksBuildPhase section */
		0EA5E95520C0B0FB00D49D0A /* Frameworks */ = {
			isa = PBXFrameworksBuildPhase;
			buildActionMask = 2147483647;
			files = (
				88FD7468A6907B2AA6DA8E8B /* Pods_HotdogOrNot.framework in Frameworks */,
			);
			runOnlyForDeploymentPostprocessing = 0;
		};
/* End PBXFrameworksBuildPhase section */

/* Begin PBXGroup section */
		0EA5E94F20C0B0FB00D49D0A = {
			isa = PBXGroup;
			children = (
				0EA5E95A20C0B0FB00D49D0A /* HotdogOrNot */,
				0EA5E95920C0B0FB00D49D0A /* Products */,
				778A6B6619BCF287B5FC7D11 /* Pods */,
				B2E8A52B3B9EDAA3FED92046 /* Frameworks */,
			);
			sourceTree = "<group>";
		};
		0EA5E95920C0B0FB00D49D0A /* Products */ = {
			isa = PBXGroup;
			children = (
				0EA5E95820C0B0FB00D49D0A /* HotdogOrNot.app */,
			);
			name = Products;
			sourceTree = "<group>";
		};
		0EA5E95A20C0B0FB00D49D0A /* HotdogOrNot */ = {
			isa = PBXGroup;
			children = (
				0EA5E95B20C0B0FB00D49D0A /* AppDelegate.swift */,
				DE99A13B20C1BC2F008F51EC /* Product.swift */,
				0EA1E03D20C0D898007967F2 /* API.swift */,
				0EA5E95D20C0B0FB00D49D0A /* ImageViewController.swift */,
				DE08065A20D33ECF004F8434 /* ViewController.swift */,
				DEB50DCD20CC6ED2008B349D /* RealmManager.swift */,
				DE153AB620D1F1C600910A86 /* CameraViewController.swift */,
				DE0EFD2C20C9D99900985B3E /* PastSearch.swift */,
				DE40089C20C1F07600531E29 /* ProductTableViewController.swift */,
				0EA5E95F20C0B0FB00D49D0A /* Main.storyboard */,
				0E39601B20C8B16100D48962 /* ProductLinkViewController.swift */,
				0E39602120C8BCBB00D48962 /* HotdogOrNot-Bridging-Header.h */,
				0EA5E96720C0B0FB00D49D0A /* Info.plist */,
				0EA5E97C20C0BC2000D49D0A /* Supporting files */,
				0EA5E96420C0B0FB00D49D0A /* LaunchScreen.storyboard */,
			);
			path = HotdogOrNot;
			sourceTree = "<group>";
		};
		0EA5E97C20C0BC2000D49D0A /* Supporting files */ = {
			isa = PBXGroup;
			children = (
				DEDC98C720E5B4C200D048E7 /* ImageConverter.h */,
				DEDC98C620E5B4C200D048E7 /* ImageConverter.m */,
				DE40089820C1E8A600531E29 /* ProductTableViewCell.swift */,
				DE40089920C1E8A600531E29 /* ProductTableViewCell.xib */,
				0EA5E98520C0D04700D49D0A /* UIImage+resizeImage.swift */,
				0EA5E97920C0BBF800D49D0A /* Inceptionv3.mlmodel */,
				0EA5E96220C0B0FB00D49D0A /* Assets.xcassets */,
				DEB50DD120CC7136008B349D /* PastSearchCollectionViewCell.swift */,
				DEB50DD520CC7E0F008B349D /* PastSearchCollectionViewCell.xib */,
			);
			path = "Supporting files";
			sourceTree = "<group>";
		};
		778A6B6619BCF287B5FC7D11 /* Pods */ = {
			isa = PBXGroup;
			children = (
				44E4CA26937A423BBC97C5EB /* Pods-HotdogOrNot.debug.xcconfig */,
				1DDB73828A0D68B5A81276CD /* Pods-HotdogOrNot.release.xcconfig */,
			);
			name = Pods;
			sourceTree = "<group>";
		};
		B2E8A52B3B9EDAA3FED92046 /* Frameworks */ = {
			isa = PBXGroup;
			children = (
				031566D767BC7F84580C807C /* Pods_HotdogOrNot.framework */,
			);
			name = Frameworks;
			sourceTree = "<group>";
		};
/* End PBXGroup section */

/* Begin PBXNativeTarget section */
		0EA5E95720C0B0FB00D49D0A /* HotdogOrNot */ = {
			isa = PBXNativeTarget;
			buildConfigurationList = 0EA5E96A20C0B0FB00D49D0A /* Build configuration list for PBXNativeTarget "HotdogOrNot" */;
			buildPhases = (
				7EA07A8D8BE555585B16E9F2 /* [CP] Check Pods Manifest.lock */,
				0EA5E95420C0B0FB00D49D0A /* Sources */,
				0EA5E95520C0B0FB00D49D0A /* Frameworks */,
				0EA5E95620C0B0FB00D49D0A /* Resources */,
				E85E6F735B46B69DC6835C18 /* [CP] Embed Pods Frameworks */,
			);
			buildRules = (
			);
			dependencies = (
			);
			name = HotdogOrNot;
			productName = HotdogOrNot;
			productReference = 0EA5E95820C0B0FB00D49D0A /* HotdogOrNot.app */;
			productType = "com.apple.product-type.application";
		};
/* End PBXNativeTarget section */

/* Begin PBXProject section */
		0EA5E95020C0B0FB00D49D0A /* Project object */ = {
			isa = PBXProject;
			attributes = {
				LastSwiftUpdateCheck = 0920;
				LastUpgradeCheck = 0930;
				ORGANIZATIONNAME = ucu.joliu;
				TargetAttributes = {
					0EA5E95720C0B0FB00D49D0A = {
						CreatedOnToolsVersion = 9.2;
						LastSwiftMigration = 0920;
						ProvisioningStyle = Automatic;
					};
				};
			};
			buildConfigurationList = 0EA5E95320C0B0FB00D49D0A /* Build configuration list for PBXProject "HotdogOrNot" */;
			compatibilityVersion = "Xcode 8.0";
			developmentRegion = en;
			hasScannedForEncodings = 0;
			knownRegions = (
				en,
				Base,
			);
			mainGroup = 0EA5E94F20C0B0FB00D49D0A;
			productRefGroup = 0EA5E95920C0B0FB00D49D0A /* Products */;
			projectDirPath = "";
			projectRoot = "";
			targets = (
				0EA5E95720C0B0FB00D49D0A /* HotdogOrNot */,
			);
		};
/* End PBXProject section */

/* Begin PBXResourcesBuildPhase section */
		0EA5E95620C0B0FB00D49D0A /* Resources */ = {
			isa = PBXResourcesBuildPhase;
			buildActionMask = 2147483647;
			files = (
				0EA5E96620C0B0FB00D49D0A /* LaunchScreen.storyboard in Resources */,
				DEB50DD620CC7E0F008B349D /* PastSearchCollectionViewCell.xib in Resources */,
				DE40089B20C1E8A600531E29 /* ProductTableViewCell.xib in Resources */,
				0EA5E96320C0B0FB00D49D0A /* Assets.xcassets in Resources */,
				0EA5E96120C0B0FB00D49D0A /* Main.storyboard in Resources */,
			);
			runOnlyForDeploymentPostprocessing = 0;
		};
/* End PBXResourcesBuildPhase section */

/* Begin PBXShellScriptBuildPhase section */
		7EA07A8D8BE555585B16E9F2 /* [CP] Check Pods Manifest.lock */ = {
			isa = PBXShellScriptBuildPhase;
			buildActionMask = 2147483647;
			files = (
			);
			inputPaths = (
				"${PODS_PODFILE_DIR_PATH}/Podfile.lock",
				"${PODS_ROOT}/Manifest.lock",
			);
			name = "[CP] Check Pods Manifest.lock";
			outputPaths = (
				"$(DERIVED_FILE_DIR)/Pods-HotdogOrNot-checkManifestLockResult.txt",
			);
			runOnlyForDeploymentPostprocessing = 0;
			shellPath = /bin/sh;
			shellScript = "diff \"${PODS_PODFILE_DIR_PATH}/Podfile.lock\" \"${PODS_ROOT}/Manifest.lock\" > /dev/null\nif [ $? != 0 ] ; then\n    # print error to STDERR\n    echo \"error: The sandbox is not in sync with the Podfile.lock. Run 'pod install' or update your CocoaPods installation.\" >&2\n    exit 1\nfi\n# This output is used by Xcode 'outputs' to avoid re-running this script phase.\necho \"SUCCESS\" > \"${SCRIPT_OUTPUT_FILE_0}\"\n";
			showEnvVarsInLog = 0;
		};
		E85E6F735B46B69DC6835C18 /* [CP] Embed Pods Frameworks */ = {
			isa = PBXShellScriptBuildPhase;
			buildActionMask = 2147483647;
			files = (
			);
			inputPaths = (
				"${SRCROOT}/Pods/Target Support Files/Pods-HotdogOrNot/Pods-HotdogOrNot-frameworks.sh",
				"${BUILT_PRODUCTS_DIR}/Alamofire/Alamofire.framework",
				"${BUILT_PRODUCTS_DIR}/AlamofireImage/AlamofireImage.framework",
				"${BUILT_PRODUCTS_DIR}/Gloss/Gloss.framework",
				"${BUILT_PRODUCTS_DIR}/Realm/Realm.framework",
				"${BUILT_PRODUCTS_DIR}/RealmSwift/RealmSwift.framework",
				"${BUILT_PRODUCTS_DIR}/SVProgressHUD/SVProgressHUD.framework",
				"${BUILT_PRODUCTS_DIR}/Spring/Spring.framework",
			);
			name = "[CP] Embed Pods Frameworks";
			outputPaths = (
				"${TARGET_BUILD_DIR}/${FRAMEWORKS_FOLDER_PATH}/Alamofire.framework",
				"${TARGET_BUILD_DIR}/${FRAMEWORKS_FOLDER_PATH}/AlamofireImage.framework",
				"${TARGET_BUILD_DIR}/${FRAMEWORKS_FOLDER_PATH}/Gloss.framework",
				"${TARGET_BUILD_DIR}/${FRAMEWORKS_FOLDER_PATH}/Realm.framework",
				"${TARGET_BUILD_DIR}/${FRAMEWORKS_FOLDER_PATH}/RealmSwift.framework",
				"${TARGET_BUILD_DIR}/${FRAMEWORKS_FOLDER_PATH}/SVProgressHUD.framework",
				"${TARGET_BUILD_DIR}/${FRAMEWORKS_FOLDER_PATH}/Spring.framework",
			);
			runOnlyForDeploymentPostprocessing = 0;
			shellPath = /bin/sh;
			shellScript = "\"${SRCROOT}/Pods/Target Support Files/Pods-HotdogOrNot/Pods-HotdogOrNot-frameworks.sh\"\n";
			showEnvVarsInLog = 0;
		};
/* End PBXShellScriptBuildPhase section */

/* Begin PBXSourcesBuildPhase section */
		0EA5E95420C0B0FB00D49D0A /* Sources */ = {
			isa = PBXSourcesBuildPhase;
			buildActionMask = 2147483647;
			files = (
				DE08065B20D33ECF004F8434 /* ViewController.swift in Sources */,
				0EA5E95E20C0B0FB00D49D0A /* ImageViewController.swift in Sources */,
				DE40089D20C1F07600531E29 /* ProductTableViewController.swift in Sources */,
				DE40089A20C1E8A600531E29 /* ProductTableViewCell.swift in Sources */,
				0EA5E97A20C0BBF800D49D0A /* Inceptionv3.mlmodel in Sources */,
				DEB50DCE20CC6ED2008B349D /* RealmManager.swift in Sources */,
				DE0EFD2D20C9D99900985B3E /* PastSearch.swift in Sources */,
				DEB50DD320CC7136008B349D /* PastSearchCollectionViewCell.swift in Sources */,
				0E39601C20C8B16100D48962 /* ProductLinkViewController.swift in Sources */,
				0EA1E03E20C0D898007967F2 /* API.swift in Sources */,
				0EA5E98620C0D04700D49D0A /* UIImage+resizeImage.swift in Sources */,
				DE153AB720D1F1C600910A86 /* CameraViewController.swift in Sources */,
				DE99A13C20C1BC30008F51EC /* Product.swift in Sources */,
				0EA5E95C20C0B0FB00D49D0A /* AppDelegate.swift in Sources */,
				DEDC98C820E5B4C300D048E7 /* ImageConverter.m in Sources */,
			);
			runOnlyForDeploymentPostprocessing = 0;
		};
/* End PBXSourcesBuildPhase section */

/* Begin PBXVariantGroup section */
		0EA5E95F20C0B0FB00D49D0A /* Main.storyboard */ = {
			isa = PBXVariantGroup;
			children = (
				0EA5E96020C0B0FB00D49D0A /* Base */,
			);
			name = Main.storyboard;
			sourceTree = "<group>";
		};
		0EA5E96420C0B0FB00D49D0A /* LaunchScreen.storyboard */ = {
			isa = PBXVariantGroup;
			children = (
				0EA5E96520C0B0FB00D49D0A /* Base */,
			);
			name = LaunchScreen.storyboard;
			sourceTree = "<group>";
		};
/* End PBXVariantGroup section */

/* Begin XCBuildConfiguration section */
		0EA5E96820C0B0FB00D49D0A /* Debug */ = {
			isa = XCBuildConfiguration;
			buildSettings = {
				ALWAYS_SEARCH_USER_PATHS = NO;
				CLANG_ANALYZER_NONNULL = YES;
				CLANG_ANALYZER_NUMBER_OBJECT_CONVERSION = YES_AGGRESSIVE;
				CLANG_CXX_LANGUAGE_STANDARD = "gnu++14";
				CLANG_CXX_LIBRARY = "libc++";
				CLANG_ENABLE_MODULES = YES;
				CLANG_ENABLE_OBJC_ARC = YES;
				CLANG_WARN_BLOCK_CAPTURE_AUTORELEASING = YES;
				CLANG_WARN_BOOL_CONVERSION = YES;
				CLANG_WARN_COMMA = YES;
				CLANG_WARN_CONSTANT_CONVERSION = YES;
				CLANG_WARN_DEPRECATED_OBJC_IMPLEMENTATIONS = YES;
				CLANG_WARN_DIRECT_OBJC_ISA_USAGE = YES_ERROR;
				CLANG_WARN_DOCUMENTATION_COMMENTS = YES;
				CLANG_WARN_EMPTY_BODY = YES;
				CLANG_WARN_ENUM_CONVERSION = YES;
				CLANG_WARN_INFINITE_RECURSION = YES;
				CLANG_WARN_INT_CONVERSION = YES;
				CLANG_WARN_NON_LITERAL_NULL_CONVERSION = YES;
				CLANG_WARN_OBJC_IMPLICIT_RETAIN_SELF = YES;
				CLANG_WARN_OBJC_LITERAL_CONVERSION = YES;
				CLANG_WARN_OBJC_ROOT_CLASS = YES_ERROR;
				CLANG_WARN_RANGE_LOOP_ANALYSIS = YES;
				CLANG_WARN_STRICT_PROTOTYPES = YES;
				CLANG_WARN_SUSPICIOUS_MOVE = YES;
				CLANG_WARN_UNGUARDED_AVAILABILITY = YES_AGGRESSIVE;
				CLANG_WARN_UNREACHABLE_CODE = YES;
				CLANG_WARN__DUPLICATE_METHOD_MATCH = YES;
				CODE_SIGN_IDENTITY = "iPhone Developer";
				COPY_PHASE_STRIP = NO;
				DEBUG_INFORMATION_FORMAT = dwarf;
				ENABLE_STRICT_OBJC_MSGSEND = YES;
				ENABLE_TESTABILITY = YES;
				GCC_C_LANGUAGE_STANDARD = gnu11;
				GCC_DYNAMIC_NO_PIC = NO;
				GCC_NO_COMMON_BLOCKS = YES;
				GCC_OPTIMIZATION_LEVEL = 0;
				GCC_PREPROCESSOR_DEFINITIONS = (
					"DEBUG=1",
					"$(inherited)",
				);
				GCC_WARN_64_TO_32_BIT_CONVERSION = YES;
				GCC_WARN_ABOUT_RETURN_TYPE = YES_ERROR;
				GCC_WARN_UNDECLARED_SELECTOR = YES;
				GCC_WARN_UNINITIALIZED_AUTOS = YES_AGGRESSIVE;
				GCC_WARN_UNUSED_FUNCTION = YES;
				GCC_WARN_UNUSED_VARIABLE = YES;
				IPHONEOS_DEPLOYMENT_TARGET = 11.3;
				MTL_ENABLE_DEBUG_INFO = YES;
				ONLY_ACTIVE_ARCH = YES;
				SDKROOT = iphoneos;
				SWIFT_ACTIVE_COMPILATION_CONDITIONS = DEBUG;
				SWIFT_OPTIMIZATION_LEVEL = "-Onone";
			};
			name = Debug;
		};
		0EA5E96920C0B0FB00D49D0A /* Release */ = {
			isa = XCBuildConfiguration;
			buildSettings = {
				ALWAYS_SEARCH_USER_PATHS = NO;
				CLANG_ANALYZER_NONNULL = YES;
				CLANG_ANALYZER_NUMBER_OBJECT_CONVERSION = YES_AGGRESSIVE;
				CLANG_CXX_LANGUAGE_STANDARD = "gnu++14";
				CLANG_CXX_LIBRARY = "libc++";
				CLANG_ENABLE_MODULES = YES;
				CLANG_ENABLE_OBJC_ARC = YES;
				CLANG_WARN_BLOCK_CAPTURE_AUTORELEASING = YES;
				CLANG_WARN_BOOL_CONVERSION = YES;
				CLANG_WARN_COMMA = YES;
				CLANG_WARN_CONSTANT_CONVERSION = YES;
				CLANG_WARN_DEPRECATED_OBJC_IMPLEMENTATIONS = YES;
				CLANG_WARN_DIRECT_OBJC_ISA_USAGE = YES_ERROR;
				CLANG_WARN_DOCUMENTATION_COMMENTS = YES;
				CLANG_WARN_EMPTY_BODY = YES;
				CLANG_WARN_ENUM_CONVERSION = YES;
				CLANG_WARN_INFINITE_RECURSION = YES;
				CLANG_WARN_INT_CONVERSION = YES;
				CLANG_WARN_NON_LITERAL_NULL_CONVERSION = YES;
				CLANG_WARN_OBJC_IMPLICIT_RETAIN_SELF = YES;
				CLANG_WARN_OBJC_LITERAL_CONVERSION = YES;
				CLANG_WARN_OBJC_ROOT_CLASS = YES_ERROR;
				CLANG_WARN_RANGE_LOOP_ANALYSIS = YES;
				CLANG_WARN_STRICT_PROTOTYPES = YES;
				CLANG_WARN_SUSPICIOUS_MOVE = YES;
				CLANG_WARN_UNGUARDED_AVAILABILITY = YES_AGGRESSIVE;
				CLANG_WARN_UNREACHABLE_CODE = YES;
				CLANG_WARN__DUPLICATE_METHOD_MATCH = YES;
				CODE_SIGN_IDENTITY = "iPhone Developer";
				COPY_PHASE_STRIP = NO;
				DEBUG_INFORMATION_FORMAT = "dwarf-with-dsym";
				ENABLE_NS_ASSERTIONS = NO;
				ENABLE_STRICT_OBJC_MSGSEND = YES;
				GCC_C_LANGUAGE_STANDARD = gnu11;
				GCC_NO_COMMON_BLOCKS = YES;
				GCC_WARN_64_TO_32_BIT_CONVERSION = YES;
				GCC_WARN_ABOUT_RETURN_TYPE = YES_ERROR;
				GCC_WARN_UNDECLARED_SELECTOR = YES;
				GCC_WARN_UNINITIALIZED_AUTOS = YES_AGGRESSIVE;
				GCC_WARN_UNUSED_FUNCTION = YES;
				GCC_WARN_UNUSED_VARIABLE = YES;
				IPHONEOS_DEPLOYMENT_TARGET = 11.3;
				MTL_ENABLE_DEBUG_INFO = NO;
				SDKROOT = iphoneos;
				SWIFT_OPTIMIZATION_LEVEL = "-Owholemodule";
				VALIDATE_PRODUCT = YES;
			};
			name = Release;
		};
		0EA5E96B20C0B0FB00D49D0A /* Debug */ = {
			isa = XCBuildConfiguration;
			baseConfigurationReference = 44E4CA26937A423BBC97C5EB /* Pods-HotdogOrNot.debug.xcconfig */;
			buildSettings = {
				ASSETCATALOG_COMPILER_APPICON_NAME = AppIcon;
				CLANG_ENABLE_MODULES = YES;
				CODE_SIGN_STYLE = Automatic;
				DEVELOPMENT_TEAM = KK52N67KWG;
				INFOPLIST_FILE = HotdogOrNot/Info.plist;
				IPHONEOS_DEPLOYMENT_TARGET = 11.2;
				LD_RUNPATH_SEARCH_PATHS = "$(inherited) @executable_path/Frameworks";
				PRODUCT_BUNDLE_IDENTIFIER = UCU.HotdogOrNot;
				PRODUCT_NAME = "$(TARGET_NAME)";
				SWIFT_OBJC_BRIDGING_HEADER = "HotdogOrNot/HotdogOrNot-Bridging-Header.h";
				SWIFT_OPTIMIZATION_LEVEL = "-Onone";
				SWIFT_VERSION = 4.0;
				TARGETED_DEVICE_FAMILY = "1,2";
			};
			name = Debug;
		};
		0EA5E96C20C0B0FB00D49D0A /* Release */ = {
			isa = XCBuildConfiguration;
			baseConfigurationReference = 1DDB73828A0D68B5A81276CD /* Pods-HotdogOrNot.release.xcconfig */;
			buildSettings = {
				ASSETCATALOG_COMPILER_APPICON_NAME = AppIcon;
				CLANG_ENABLE_MODULES = YES;
				CODE_SIGN_STYLE = Automatic;
				DEVELOPMENT_TEAM = KK52N67KWG;
				INFOPLIST_FILE = HotdogOrNot/Info.plist;
				IPHONEOS_DEPLOYMENT_TARGET = 11.2;
				LD_RUNPATH_SEARCH_PATHS = "$(inherited) @executable_path/Frameworks";
				PRODUCT_BUNDLE_IDENTIFIER = UCU.HotdogOrNot;
				PRODUCT_NAME = "$(TARGET_NAME)";
				SWIFT_OBJC_BRIDGING_HEADER = "HotdogOrNot/HotdogOrNot-Bridging-Header.h";
				SWIFT_VERSION = 4.0;
				TARGETED_DEVICE_FAMILY = "1,2";
			};
			name = Release;
		};
/* End XCBuildConfiguration section */

/* Begin XCConfigurationList section */
		0EA5E95320C0B0FB00D49D0A /* Build configuration list for PBXProject "HotdogOrNot" */ = {
			isa = XCConfigurationList;
			buildConfigurations = (
				0EA5E96820C0B0FB00D49D0A /* Debug */,
				0EA5E96920C0B0FB00D49D0A /* Release */,
			);
			defaultConfigurationIsVisible = 0;
			defaultConfigurationName = Release;
		};
		0EA5E96A20C0B0FB00D49D0A /* Build configuration list for PBXNativeTarget "HotdogOrNot" */ = {
			isa = XCConfigurationList;
			buildConfigurations = (
				0EA5E96B20C0B0FB00D49D0A /* Debug */,
				0EA5E96C20C0B0FB00D49D0A /* Release */,
			);
			defaultConfigurationIsVisible = 0;
			defaultConfigurationName = Release;
		};
/* End XCConfigurationList section */
	};
	rootObject = 0EA5E95020C0B0FB00D49D0A /* Project object */;
}
